
Microsoft Visual Studio Solution File, Format Version 12.00
# Visual Studio Version 17
VisualStudioVersion = 17.6.33815.320
MinimumVisualStudioVersion = 10.0.40219.1
Project("{FAE04EC0-301F-11D3-BF4B-00C04F79EFBC}") = "KutuphaneDeneme1", "KutuphaneDeneme1\KutuphaneDeneme1.csproj", "{0F530B5B-C36E-4535-B7E1-F557D1AD69DC}"
EndProject
Global
	GlobalSection(SolutionConfigurationPlatforms) = preSolution
		Debug|Any CPU = Debug|Any CPU
		Release|Any CPU = Release|Any CPU
	EndGlobalSection
	GlobalSection(ProjectConfigurationPlatforms) = postSolution
		{0F530B5B-C36E-4535-B7E1-F557D1AD69DC}.Debug|Any CPU.ActiveCfg = Debug|Any CPU
		{0F530B5B-C36E-4535-B7E1-F557D1AD69DC}.Debug|Any CPU.Build.0 = Debug|Any CPU
		{0F530B5B-C36E-4535-B7E1-F557D1AD69DC}.Release|Any CPU.ActiveCfg = Release|Any CPU
		{0F530B5B-C36E-4535-B7E1-F557D1AD69DC}.Release|Any CPU.Build.0 = Release|Any CPU
	EndGlobalSection
	GlobalSection(SolutionProperties) = preSolution
		HideSolutionNode = FALSE
	EndGlobalSection
	GlobalSection(ExtensibilityGlobals) = postSolution
		SolutionGuid = {8E49701D-BE2D-4C74-9AAC-AE86BE2E6398}
	EndGlobalSection
EndGlobal
